
Microsoft Visual Studio Solution File, Format Version 12.00
# Visual Studio Version 17
VisualStudioVersion = 17.0.31903.59
MinimumVisualStudioVersion = 10.0.40219.1
Project("{2150E333-8FDC-42A3-9474-1A3956D46DE8}") = "src", "src", "{2F523DDC-0E2E-425F-8654-6B610DC87319}"
EndProject
Project("{FAE04EC0-301F-11D3-BF4B-00C04F79EFBC}") = "ShoppingService", "src\ShoppingService\ShoppingService.csproj", "{6089A210-08EC-447C-8D08-968D50072774}"
EndProject
Project("{FAE04EC0-301F-11D3-BF4B-00C04F79EFBC}") = "Contracts", "src\Contracts\Contracts.csproj", "{9128CE94-19DB-404A-B5F9-9C700F974EDD}"
EndProject
Global
	GlobalSection(SolutionConfigurationPlatforms) = preSolution
		Debug|Any CPU = Debug|Any CPU
		Release|Any CPU = Release|Any CPU
	EndGlobalSection
	GlobalSection(SolutionProperties) = preSolution
		HideSolutionNode = FALSE
	EndGlobalSection
	GlobalSection(ProjectConfigurationPlatforms) = postSolution
		{6089A210-08EC-447C-8D08-968D50072774}.Debug|Any CPU.ActiveCfg = Debug|Any CPU
		{6089A210-08EC-447C-8D08-968D50072774}.Debug|Any CPU.Build.0 = Debug|Any CPU
		{6089A210-08EC-447C-8D08-968D50072774}.Release|Any CPU.ActiveCfg = Release|Any CPU
		{6089A210-08EC-447C-8D08-968D50072774}.Release|Any CPU.Build.0 = Release|Any CPU
		{9128CE94-19DB-404A-B5F9-9C700F974EDD}.Debug|Any CPU.ActiveCfg = Debug|Any CPU
		{9128CE94-19DB-404A-B5F9-9C700F974EDD}.Debug|Any CPU.Build.0 = Debug|Any CPU
		{9128CE94-19DB-404A-B5F9-9C700F974EDD}.Release|Any CPU.ActiveCfg = Release|Any CPU
		{9128CE94-19DB-404A-B5F9-9C700F974EDD}.Release|Any CPU.Build.0 = Release|Any CPU
	EndGlobalSection
	GlobalSection(NestedProjects) = preSolution
		{6089A210-08EC-447C-8D08-968D50072774} = {2F523DDC-0E2E-425F-8654-6B610DC87319}
		{9128CE94-19DB-404A-B5F9-9C700F974EDD} = {2F523DDC-0E2E-425F-8654-6B610DC87319}
	EndGlobalSection
EndGlobal
