
Microsoft Visual Studio Solution File, Format Version 12.00
# Visual Studio Version 17
VisualStudioVersion = 17.0.31903.59
MinimumVisualStudioVersion = 10.0.40219.1
Project("{2150E333-8FDC-42A3-9474-1A3956D46DE8}") = "src", "src", "{2F523DDC-0E2E-425F-8654-6B610DC87319}"
EndProject
Project("{FAE04EC0-301F-11D3-BF4B-00C04F79EFBC}") = "ShoppingService", "src\ShoppingService\ShoppingService.csproj", "{6089A210-08EC-447C-8D08-968D50072774}"
EndProject
Project("{FAE04EC0-301F-11D3-BF4B-00C04F79EFBC}") = "Contracts", "src\Contracts\Contracts.csproj", "{9128CE94-19DB-404A-B5F9-9C700F974EDD}"
EndProject
Project("{2150E333-8FDC-42A3-9474-1A3956D46DE8}") = "Shopping", "Shopping", "{5A94F29F-50AD-43B3-AADF-425658E5F3D9}"
EndProject
Project("{FAE04EC0-301F-11D3-BF4B-00C04F79EFBC}") = "ShoppingService.Services", "src\ShoppingService.Services\ShoppingService.Services.csproj", "{F029452F-64DF-41BC-B507-E11A47BB8F1A}"
EndProject
Project("{FAE04EC0-301F-11D3-BF4B-00C04F79EFBC}") = "ShoppingService.Data", "src\ShoppingService.Data\ShoppingService.Data.csproj", "{02C857E5-E9DE-4D93-9F39-05FF6EF0FEEC}"
EndProject
Project("{FAE04EC0-301F-11D3-BF4B-00C04F79EFBC}") = "ShoppingService.Infrastructure", "src\ShoppingService.Infrastructure\ShoppingService.Infrastructure.csproj", "{E1E2382B-09BE-496B-823D-4502187760CC}"
EndProject
Project("{FAE04EC0-301F-11D3-BF4B-00C04F79EFBC}") = "GatewayService", "src\GatewayService\GatewayService.csproj", "{614C5000-2BEE-40EF-A0FD-3E8D9F9C2122}"
EndProject
Global
	GlobalSection(SolutionConfigurationPlatforms) = preSolution
		Debug|Any CPU = Debug|Any CPU
		Release|Any CPU = Release|Any CPU
	EndGlobalSection
	GlobalSection(SolutionProperties) = preSolution
		HideSolutionNode = FALSE
	EndGlobalSection
	GlobalSection(ProjectConfigurationPlatforms) = postSolution
		{6089A210-08EC-447C-8D08-968D50072774}.Debug|Any CPU.ActiveCfg = Debug|Any CPU
		{6089A210-08EC-447C-8D08-968D50072774}.Debug|Any CPU.Build.0 = Debug|Any CPU
		{6089A210-08EC-447C-8D08-968D50072774}.Release|Any CPU.ActiveCfg = Release|Any CPU
		{6089A210-08EC-447C-8D08-968D50072774}.Release|Any CPU.Build.0 = Release|Any CPU
		{9128CE94-19DB-404A-B5F9-9C700F974EDD}.Debug|Any CPU.ActiveCfg = Debug|Any CPU
		{9128CE94-19DB-404A-B5F9-9C700F974EDD}.Debug|Any CPU.Build.0 = Debug|Any CPU
		{9128CE94-19DB-404A-B5F9-9C700F974EDD}.Release|Any CPU.ActiveCfg = Release|Any CPU
		{9128CE94-19DB-404A-B5F9-9C700F974EDD}.Release|Any CPU.Build.0 = Release|Any CPU
		{F029452F-64DF-41BC-B507-E11A47BB8F1A}.Debug|Any CPU.ActiveCfg = Debug|Any CPU
		{F029452F-64DF-41BC-B507-E11A47BB8F1A}.Debug|Any CPU.Build.0 = Debug|Any CPU
		{F029452F-64DF-41BC-B507-E11A47BB8F1A}.Release|Any CPU.ActiveCfg = Release|Any CPU
		{F029452F-64DF-41BC-B507-E11A47BB8F1A}.Release|Any CPU.Build.0 = Release|Any CPU
		{02C857E5-E9DE-4D93-9F39-05FF6EF0FEEC}.Debug|Any CPU.ActiveCfg = Debug|Any CPU
		{02C857E5-E9DE-4D93-9F39-05FF6EF0FEEC}.Debug|Any CPU.Build.0 = Debug|Any CPU
		{02C857E5-E9DE-4D93-9F39-05FF6EF0FEEC}.Release|Any CPU.ActiveCfg = Release|Any CPU
		{02C857E5-E9DE-4D93-9F39-05FF6EF0FEEC}.Release|Any CPU.Build.0 = Release|Any CPU
		{E1E2382B-09BE-496B-823D-4502187760CC}.Debug|Any CPU.ActiveCfg = Debug|Any CPU
		{E1E2382B-09BE-496B-823D-4502187760CC}.Debug|Any CPU.Build.0 = Debug|Any CPU
		{E1E2382B-09BE-496B-823D-4502187760CC}.Release|Any CPU.ActiveCfg = Release|Any CPU
		{E1E2382B-09BE-496B-823D-4502187760CC}.Release|Any CPU.Build.0 = Release|Any CPU
		{614C5000-2BEE-40EF-A0FD-3E8D9F9C2122}.Debug|Any CPU.ActiveCfg = Debug|Any CPU
		{614C5000-2BEE-40EF-A0FD-3E8D9F9C2122}.Debug|Any CPU.Build.0 = Debug|Any CPU
		{614C5000-2BEE-40EF-A0FD-3E8D9F9C2122}.Release|Any CPU.ActiveCfg = Release|Any CPU
		{614C5000-2BEE-40EF-A0FD-3E8D9F9C2122}.Release|Any CPU.Build.0 = Release|Any CPU
	EndGlobalSection
	GlobalSection(NestedProjects) = preSolution
		{9128CE94-19DB-404A-B5F9-9C700F974EDD} = {2F523DDC-0E2E-425F-8654-6B610DC87319}
		{5A94F29F-50AD-43B3-AADF-425658E5F3D9} = {2F523DDC-0E2E-425F-8654-6B610DC87319}
		{6089A210-08EC-447C-8D08-968D50072774} = {5A94F29F-50AD-43B3-AADF-425658E5F3D9}
		{F029452F-64DF-41BC-B507-E11A47BB8F1A} = {5A94F29F-50AD-43B3-AADF-425658E5F3D9}
		{02C857E5-E9DE-4D93-9F39-05FF6EF0FEEC} = {5A94F29F-50AD-43B3-AADF-425658E5F3D9}
		{E1E2382B-09BE-496B-823D-4502187760CC} = {5A94F29F-50AD-43B3-AADF-425658E5F3D9}
		{614C5000-2BEE-40EF-A0FD-3E8D9F9C2122} = {2F523DDC-0E2E-425F-8654-6B610DC87319}
	EndGlobalSection
EndGlobal
